// !$*UTF8*$!
{
	archiveVersion = 1;
	classes = {
	};
	objectVersion = 46;
	objects = {

/* Begin PBXBuildFile section */
		5C4C94961E206D2B00503D38 /* AppDelegate.swift in Sources */ = {isa = PBXBuildFile; fileRef = 5C4C94951E206D2B00503D38 /* AppDelegate.swift */; };
		5C4C94981E206D2B00503D38 /* ViewController.swift in Sources */ = {isa = PBXBuildFile; fileRef = 5C4C94971E206D2B00503D38 /* ViewController.swift */; };
		5C4C949A1E206D2B00503D38 /* Assets.xcassets in Resources */ = {isa = PBXBuildFile; fileRef = 5C4C94991E206D2B00503D38 /* Assets.xcassets */; };
		5C4C949D1E206D2B00503D38 /* Main.storyboard in Resources */ = {isa = PBXBuildFile; fileRef = 5C4C949B1E206D2B00503D38 /* Main.storyboard */; };
		5C4C94A51E206D4C00503D38 /* SwayView.swift in Sources */ = {isa = PBXBuildFile; fileRef = 5C4C94A41E206D4C00503D38 /* SwayView.swift */; };
		5C4C94A71E206DE900503D38 /* Segment.swift in Sources */ = {isa = PBXBuildFile; fileRef = 5C4C94A61E206DE900503D38 /* Segment.swift */; };
/* End PBXBuildFile section */

/* Begin PBXFileReference section */
		5C4C94921E206D2B00503D38 /* Sway.app */ = {isa = PBXFileReference; explicitFileType = wrapper.application; includeInIndex = 0; path = Sway.app; sourceTree = BUILT_PRODUCTS_DIR; };
		5C4C94951E206D2B00503D38 /* AppDelegate.swift */ = {isa = PBXFileReference; lastKnownFileType = sourcecode.swift; path = AppDelegate.swift; sourceTree = "<group>"; };
		5C4C94971E206D2B00503D38 /* ViewController.swift */ = {isa = PBXFileReference; lastKnownFileType = sourcecode.swift; path = ViewController.swift; sourceTree = "<group>"; };
		5C4C94991E206D2B00503D38 /* Assets.xcassets */ = {isa = PBXFileReference; lastKnownFileType = folder.assetcatalog; path = Assets.xcassets; sourceTree = "<group>"; };
		5C4C949C1E206D2B00503D38 /* Base */ = {isa = PBXFileReference; lastKnownFileType = file.storyboard; name = Base; path = Base.lproj/Main.storyboard; sourceTree = "<group>"; };
		5C4C949E1E206D2B00503D38 /* Info.plist */ = {isa = PBXFileReference; lastKnownFileType = text.plist.xml; path = Info.plist; sourceTree = "<group>"; };
		5C4C94A41E206D4C00503D38 /* SwayView.swift */ = {isa = PBXFileReference; fileEncoding = 4; lastKnownFileType = sourcecode.swift; path = SwayView.swift; sourceTree = "<group>"; };
		5C4C94A61E206DE900503D38 /* Segment.swift */ = {isa = PBXFileReference; fileEncoding = 4; lastKnownFileType = sourcecode.swift; path = Segment.swift; sourceTree = "<group>"; };
/* End PBXFileReference section */

/* Begin PBXFrameworksBuildPhase section */
		5C4C948F1E206D2B00503D38 /* Frameworks */ = {
			isa = PBXFrameworksBuildPhase;
			buildActionMask = 2147483647;
			files = (
			);
			runOnlyForDeploymentPostprocessing = 0;
		};
/* End PBXFrameworksBuildPhase section */

/* Begin PBXGroup section */
		5C4C94891E206D2B00503D38 = {
			isa = PBXGroup;
			children = (
				5C4C94941E206D2B00503D38 /* Sway */,
				5C4C94931E206D2B00503D38 /* Products */,
			);
			sourceTree = "<group>";
		};
		5C4C94931E206D2B00503D38 /* Products */ = {
			isa = PBXGroup;
			children = (
				5C4C94921E206D2B00503D38 /* Sway.app */,
			);
			name = Products;
			sourceTree = "<group>";
		};
		5C4C94941E206D2B00503D38 /* Sway */ = {
			isa = PBXGroup;
			children = (
				5C4C94951E206D2B00503D38 /* AppDelegate.swift */,
				5C4C94971E206D2B00503D38 /* ViewController.swift */,
				5C4C94991E206D2B00503D38 /* Assets.xcassets */,
				5C4C949B1E206D2B00503D38 /* Main.storyboard */,
				5C4C949E1E206D2B00503D38 /* Info.plist */,
				5C4C94A41E206D4C00503D38 /* SwayView.swift */,
				5C4C94A61E206DE900503D38 /* Segment.swift */,
			);
			path = Sway;
			sourceTree = "<group>";
		};
/* End PBXGroup section */

/* Begin PBXNativeTarget section */
		5C4C94911E206D2B00503D38 /* Sway */ = {
			isa = PBXNativeTarget;
			buildConfigurationList = 5C4C94A11E206D2B00503D38 /* Build configuration list for PBXNativeTarget "Sway" */;
			buildPhases = (
				5C4C948E1E206D2B00503D38 /* Sources */,
				5C4C948F1E206D2B00503D38 /* Frameworks */,
				5C4C94901E206D2B00503D38 /* Resources */,
			);
			buildRules = (
			);
			dependencies = (
			);
			name = Sway;
			productName = Sway;
			productReference = 5C4C94921E206D2B00503D38 /* Sway.app */;
			productType = "com.apple.product-type.application";
		};
/* End PBXNativeTarget section */

/* Begin PBXProject section */
		5C4C948A1E206D2B00503D38 /* Project object */ = {
			isa = PBXProject;
			attributes = {
				LastSwiftUpdateCheck = 0820;
				LastUpgradeCheck = 0820;
				ORGANIZATIONNAME = ASU;
				TargetAttributes = {
					5C4C94911E206D2B00503D38 = {
						CreatedOnToolsVersion = 8.2.1;
						DevelopmentTeam = R75948WD5C;
						ProvisioningStyle = Automatic;
					};
				};
			};
			buildConfigurationList = 5C4C948D1E206D2B00503D38 /* Build configuration list for PBXProject "Sway" */;
			compatibilityVersion = "Xcode 3.2";
			developmentRegion = English;
			hasScannedForEncodings = 0;
			knownRegions = (
				en,
				Base,
			);
			mainGroup = 5C4C94891E206D2B00503D38;
			productRefGroup = 5C4C94931E206D2B00503D38 /* Products */;
			projectDirPath = "";
			projectRoot = "";
			targets = (
				5C4C94911E206D2B00503D38 /* Sway */,
			);
		};
/* End PBXProject section */

/* Begin PBXResourcesBuildPhase section */
		5C4C94901E206D2B00503D38 /* Resources */ = {
			isa = PBXResourcesBuildPhase;
			buildActionMask = 2147483647;
			files = (
				5C4C949A1E206D2B00503D38 /* Assets.xcassets in Resources */,
				5C4C949D1E206D2B00503D38 /* Main.storyboard in Resources */,
			);
			runOnlyForDeploymentPostprocessing = 0;
		};
/* End PBXResourcesBuildPhase section */

/* Begin PBXSourcesBuildPhase section */
		5C4C948E1E206D2B00503D38 /* Sources */ = {
			isa = PBXSourcesBuildPhase;
			buildActionMask = 2147483647;
			files = (
				5C4C94A51E206D4C00503D38 /* SwayView.swift in Sources */,
				5C4C94981E206D2B00503D38 /* ViewController.swift in Sources */,
				5C4C94961E206D2B00503D38 /* AppDelegate.swift in Sources */,
				5C4C94A71E206DE900503D38 /* Segment.swift in Sources */,
			);
			runOnlyForDeploymentPostprocessing = 0;
		};
/* End PBXSourcesBuildPhase section */

/* Begin PBXVariantGroup section */
		5C4C949B1E206D2B00503D38 /* Main.storyboard */ = {
			isa = PBXVariantGroup;
			children = (
				5C4C949C1E206D2B00503D38 /* Base */,
			);
			name = Main.storyboard;
			sourceTree = "<group>";
		};
/* End PBXVariantGroup section */

/* Begin XCBuildConfiguration section */
		5C4C949F1E206D2B00503D38 /* Debug */ = {
			isa = XCBuildConfiguration;
			buildSettings = {
				ALWAYS_SEARCH_USER_PATHS = NO;
				CLANG_ANALYZER_NONNULL = YES;
				CLANG_CXX_LANGUAGE_STANDARD = "gnu++0x";
				CLANG_CXX_LIBRARY = "libc++";
				CLANG_ENABLE_MODULES = YES;
				CLANG_ENABLE_OBJC_ARC = YES;
				CLANG_WARN_BOOL_CONVERSION = YES;
				CLANG_WARN_CONSTANT_CONVERSION = YES;
				CLANG_WARN_DIRECT_OBJC_ISA_USAGE = YES_ERROR;
				CLANG_WARN_DOCUMENTATION_COMMENTS = YES;
				CLANG_WARN_EMPTY_BODY = YES;
				CLANG_WARN_ENUM_CONVERSION = YES;
				CLANG_WARN_INFINITE_RECURSION = YES;
				CLANG_WARN_INT_CONVERSION = YES;
				CLANG_WARN_OBJC_ROOT_CLASS = YES_ERROR;
				CLANG_WARN_SUSPICIOUS_MOVE = YES;
				CLANG_WARN_UNREACHABLE_CODE = YES;
				CLANG_WARN__DUPLICATE_METHOD_MATCH = YES;
				CODE_SIGN_IDENTITY = "-";
				COPY_PHASE_STRIP = NO;
				DEBUG_INFORMATION_FORMAT = dwarf;
				ENABLE_STRICT_OBJC_MSGSEND = YES;
				ENABLE_TESTABILITY = YES;
				GCC_C_LANGUAGE_STANDARD = gnu99;
				GCC_DYNAMIC_NO_PIC = NO;
				GCC_NO_COMMON_BLOCKS = YES;
				GCC_OPTIMIZATION_LEVEL = 0;
				GCC_PREPROCESSOR_DEFINITIONS = (
					"DEBUG=1",
					"$(inherited)",
				);
				GCC_WARN_64_TO_32_BIT_CONVERSION = YES;
				GCC_WARN_ABOUT_RETURN_TYPE = YES_ERROR;
				GCC_WARN_UNDECLARED_SELECTOR = YES;
				GCC_WARN_UNINITIALIZED_AUTOS = YES_AGGRESSIVE;
				GCC_WARN_UNUSED_FUNCTION = YES;
				GCC_WARN_UNUSED_VARIABLE = YES;
				MACOSX_DEPLOYMENT_TARGET = 10.11;
				MTL_ENABLE_DEBUG_INFO = YES;
				ONLY_ACTIVE_ARCH = YES;
				SDKROOT = macosx;
				SWIFT_ACTIVE_COMPILATION_CONDITIONS = DEBUG;
				SWIFT_OPTIMIZATION_LEVEL = "-Onone";
			};
			name = Debug;
		};
		5C4C94A01E206D2B00503D38 /* Release */ = {
			isa = XCBuildConfiguration;
			buildSettings = {
				ALWAYS_SEARCH_USER_PATHS = NO;
				CLANG_ANALYZER_NONNULL = YES;
				CLANG_CXX_LANGUAGE_STANDARD = "gnu++0x";
				CLANG_CXX_LIBRARY = "libc++";
				CLANG_ENABLE_MODULES = YES;
				CLANG_ENABLE_OBJC_ARC = YES;
				CLANG_WARN_BOOL_CONVERSION = YES;
				CLANG_WARN_CONSTANT_CONVERSION = YES;
				CLANG_WARN_DIRECT_OBJC_ISA_USAGE = YES_ERROR;
				CLANG_WARN_DOCUMENTATION_COMMENTS = YES;
				CLANG_WARN_EMPTY_BODY = YES;
				CLANG_WARN_ENUM_CONVERSION = YES;
				CLANG_WARN_INFINITE_RECURSION = YES;
				CLANG_WARN_INT_CONVERSION = YES;
				CLANG_WARN_OBJC_ROOT_CLASS = YES_ERROR;
				CLANG_WARN_SUSPICIOUS_MOVE = YES;
				CLANG_WARN_UNREACHABLE_CODE = YES;
				CLANG_WARN__DUPLICATE_METHOD_MATCH = YES;
				CODE_SIGN_IDENTITY = "-";
				COPY_PHASE_STRIP = NO;
				DEBUG_INFORMATION_FORMAT = "dwarf-with-dsym";
				ENABLE_NS_ASSERTIONS = NO;
				ENABLE_STRICT_OBJC_MSGSEND = YES;
				GCC_C_LANGUAGE_STANDARD = gnu99;
				GCC_NO_COMMON_BLOCKS = YES;
				GCC_WARN_64_TO_32_BIT_CONVERSION = YES;
				GCC_WARN_ABOUT_RETURN_TYPE = YES_ERROR;
				GCC_WARN_UNDECLARED_SELECTOR = YES;
				GCC_WARN_UNINITIALIZED_AUTOS = YES_AGGRESSIVE;
				GCC_WARN_UNUSED_FUNCTION = YES;
				GCC_WARN_UNUSED_VARIABLE = YES;
				MACOSX_DEPLOYMENT_TARGET = 10.11;
				MTL_ENABLE_DEBUG_INFO = NO;
				SDKROOT = macosx;
				SWIFT_OPTIMIZATION_LEVEL = "-Owholemodule";
			};
			name = Release;
		};
		5C4C94A21E206D2B00503D38 /* Debug */ = {
			isa = XCBuildConfiguration;
			buildSettings = {
				ASSETCATALOG_COMPILER_APPICON_NAME = AppIcon;
				COMBINE_HIDPI_IMAGES = YES;
				DEVELOPMENT_TEAM = R75948WD5C;
				INFOPLIST_FILE = Sway/Info.plist;
				LD_RUNPATH_SEARCH_PATHS = "$(inherited) @executable_path/../Frameworks";
				PRODUCT_BUNDLE_IDENTIFIER = edu.asu.ame.Sway;
				PRODUCT_NAME = "$(TARGET_NAME)";
				SWIFT_VERSION = 3.0;
			};
			name = Debug;
		};
		5C4C94A31E206D2B00503D38 /* Release */ = {
			isa = XCBuildConfiguration;
			buildSettings = {
				ASSETCATALOG_COMPILER_APPICON_NAME = AppIcon;
				COMBINE_HIDPI_IMAGES = YES;
				DEVELOPMENT_TEAM = R75948WD5C;
				INFOPLIST_FILE = Sway/Info.plist;
				LD_RUNPATH_SEARCH_PATHS = "$(inherited) @executable_path/../Frameworks";
				PRODUCT_BUNDLE_IDENTIFIER = edu.asu.ame.Sway;
				PRODUCT_NAME = "$(TARGET_NAME)";
				SWIFT_VERSION = 3.0;
			};
			name = Release;
		};
/* End XCBuildConfiguration section */

/* Begin XCConfigurationList section */
		5C4C948D1E206D2B00503D38 /* Build configuration list for PBXProject "Sway" */ = {
			isa = XCConfigurationList;
			buildConfigurations = (
				5C4C949F1E206D2B00503D38 /* Debug */,
				5C4C94A01E206D2B00503D38 /* Release */,
			);
			defaultConfigurationIsVisible = 0;
			defaultConfigurationName = Release;
		};
		5C4C94A11E206D2B00503D38 /* Build configuration list for PBXNativeTarget "Sway" */ = {
			isa = XCConfigurationList;
			buildConfigurations = (
				5C4C94A21E206D2B00503D38 /* Debug */,
				5C4C94A31E206D2B00503D38 /* Release */,
			);
			defaultConfigurationIsVisible = 0;
		};
/* End XCConfigurationList section */
	};
	rootObject = 5C4C948A1E206D2B00503D38 /* Project object */;
}
